<?xml version="1.0" encoding="utf-8"?>
<Project ToolsVersion="4.0" xmlns="http://schemas.microsoft.com/developer/msbuild/2003">
  <ItemGroup>
    <Filter Include="Source Files">
      <UniqueIdentifier>{4FC737F1-C7A5-4376-A066-2A32D752A2FF}</UniqueIdentifier>
      <Extensions>cpp;c;cc;cxx;def;odl;idl;hpj;bat;asm;asmx</Extensions>
    </Filter>
    <Filter Include="Header Files">
      <UniqueIdentifier>{93995380-89BD-4b04-88EB-625FBE52EBFB}</UniqueIdentifier>
      <Extensions>h;hh;hpp;hxx;hm;inl;inc;xsd</Extensions>
    </Filter>
    <Filter Include="Resource Files">
      <UniqueIdentifier>{67DA6AB6-F800-4c08-8B7A-83BB121AAD01}</UniqueIdentifier>
      <Extensions>rc;ico;cur;bmp;dlg;rc2;rct;bin;rgs;gif;jpg;jpeg;jpe;resx;tiff;tif;png;wav;mfcribbon-ms</Extensions>
    </Filter>
    <Filter Include="Header Files\Widgets">
      <UniqueIdentifier>{1c9d0e75-adb9-4707-8d80-8f86b8c1d81b}</UniqueIdentifier>
    </Filter>
    <Filter Include="Source Files\Widgets">
      <UniqueIdentifier>{f4ded80d-1157-45f4-99bf-1d74d2e09988}</UniqueIdentifier>
    </Filter>
  </ItemGroup>
  <ItemGroup>
    <ClCompile Include="..\src\main.cpp">
      <Filter>Source Files</Filter>
    </ClCompile>
    <ClCompile Include="..\src\wm.cpp">
      <Filter>Source Files</Filter>
    </ClCompile>
    <ClCompile Include="..\src\filesystem.cpp">
      <Filter>Source Files</Filter>
    </ClCompile>
    <ClCompile Include="..\src\font.cpp">
      <Filter>Source Files</Filter>
    </ClCompile>
    <ClCompile Include="..\src\color.cpp">
      <Filter>Source Files</Filter>
    </ClCompile>
    <ClCompile Include="..\src\notify.cpp">
      <Filter>Source Files</Filter>
    </ClCompile>
    <ClCompile Include="..\src\generate_cave.cpp">
      <Filter>Source Files</Filter>
    </ClCompile>
    <ClCompile Include="..\src\json.cpp">
      <Filter>Source Files</Filter>
    </ClCompile>
    <ClCompile Include="..\src\node.cpp">
      <Filter>Source Files</Filter>
    </ClCompile>
    <ClCompile Include="..\src\unit_test.cpp">
      <Filter>Source Files</Filter>
    </ClCompile>
    <ClCompile Include="..\src\node_utils.cpp">
      <Filter>Source Files</Filter>
    </ClCompile>
    <ClCompile Include="..\src\component.cpp">
      <Filter>Source Files</Filter>
    </ClCompile>
    <ClCompile Include="..\src\engine.cpp">
      <Filter>Source Files</Filter>
    </ClCompile>
    <ClCompile Include="..\src\ai_process.cpp">
      <Filter>Source Files</Filter>
    </ClCompile>
    <ClCompile Include="..\src\collision_process.cpp">
      <Filter>Source Files</Filter>
    </ClCompile>
    <ClCompile Include="..\src\process.cpp">
      <Filter>Source Files</Filter>
    </ClCompile>
    <ClCompile Include="..\src\render_process.cpp">
      <Filter>Source Files</Filter>
    </ClCompile>
    <ClCompile Include="..\src\gui_process.cpp">
      <Filter>Source Files</Filter>
    </ClCompile>
    <ClCompile Include="..\src\input_process.cpp">
      <Filter>Source Files</Filter>
    </ClCompile>
    <ClCompile Include="..\src\map.cpp">
      <Filter>Source Files</Filter>
    </ClCompile>
    <ClCompile Include="..\src\datetime.cpp">
      <Filter>Source Files</Filter>
    </ClCompile>
    <ClCompile Include="..\src\terrain_generator.cpp">
      <Filter>Source Files</Filter>
    </ClCompile>
    <ClCompile Include="..\src\noiseutils.cpp">
      <Filter>Source Files</Filter>
    </ClCompile>
    <ClCompile Include="..\src\surface.cpp">
      <Filter>Source Files</Filter>
    </ClCompile>
    <ClCompile Include="..\src\texture.cpp">
      <Filter>Source Files</Filter>
    </ClCompile>
    <ClCompile Include="..\src\particles.cpp">
      <Filter>Source Files</Filter>
    </ClCompile>
    <ClCompile Include="..\src\parameters.cpp">
      <Filter>Source Files</Filter>
    </ClCompile>
    <ClCompile Include="..\src\action_process.cpp">
      <Filter>Source Files</Filter>
    </ClCompile>
    <ClCompile Include="..\src\random.cpp">
      <Filter>Source Files</Filter>
    </ClCompile>
    <ClCompile Include="..\src\creature.cpp">
      <Filter>Source Files</Filter>
    </ClCompile>
    <ClCompile Include="..\src\button.cpp">
      <Filter>Source Files\Widgets</Filter>
    </ClCompile>
    <ClCompile Include="..\src\dialog.cpp">
      <Filter>Source Files\Widgets</Filter>
    </ClCompile>
    <ClCompile Include="..\src\widget.cpp">
      <Filter>Source Files\Widgets</Filter>
    </ClCompile>
    <ClCompile Include="..\src\label.cpp">
      <Filter>Source Files\Widgets</Filter>
    </ClCompile>
    <ClCompile Include="..\src\tile.cpp">
      <Filter>Source Files</Filter>
    </ClCompile>
    <ClCompile Include="..\src\gui_elements.cpp">
      <Filter>Source Files</Filter>
    </ClCompile>
    <ClCompile Include="..\src\texpack.cpp">
      <Filter>Source Files</Filter>
    </ClCompile>
    <ClCompile Include="..\src\dungeon.cpp">
      <Filter>Source Files</Filter>
    </ClCompile>
  </ItemGroup>
  <ItemGroup>
    <ClInclude Include="..\src\filesystem.hpp">
      <Filter>Header Files</Filter>
    </ClInclude>
    <ClInclude Include="..\src\graphics.hpp">
      <Filter>Header Files</Filter>
    </ClInclude>
    <ClInclude Include="..\src\profile_timer.hpp">
      <Filter>Header Files</Filter>
    </ClInclude>
    <ClInclude Include="..\src\ref_counted_ptr.hpp">
      <Filter>Header Files</Filter>
    </ClInclude>
    <ClInclude Include="..\src\sdl_wrapper.hpp">
      <Filter>Header Files</Filter>
    </ClInclude>
    <ClInclude Include="..\src\wm.hpp">
      <Filter>Header Files</Filter>
    </ClInclude>
    <ClInclude Include="..\src\GLee.h">
      <Filter>Header Files</Filter>
    </ClInclude>
    <ClInclude Include="..\src\font.hpp">
      <Filter>Header Files</Filter>
    </ClInclude>
    <ClInclude Include="..\src\dir_monitor.hpp">
      <Filter>Header Files</Filter>
    </ClInclude>
    <ClInclude Include="..\src\basic_dir_monitor.hpp">
      <Filter>Header Files</Filter>
    </ClInclude>
    <ClInclude Include="..\src\color.hpp">
      <Filter>Header Files</Filter>
    </ClInclude>
    <ClInclude Include="..\src\geometry.hpp">
      <Filter>Header Files</Filter>
    </ClInclude>
    <ClInclude Include="..\src\generate_cave.hpp">
      <Filter>Header Files</Filter>
    </ClInclude>
    <ClInclude Include="..\src\formatter.hpp">
      <Filter>Header Files</Filter>
    </ClInclude>
    <ClInclude Include="..\src\json.hpp">
      <Filter>Header Files</Filter>
    </ClInclude>
    <ClInclude Include="..\src\node.hpp">
      <Filter>Header Files</Filter>
    </ClInclude>
    <ClInclude Include="..\src\unit_test.hpp">
      <Filter>Header Files</Filter>
    </ClInclude>
    <ClInclude Include="..\src\node_utils.hpp">
      <Filter>Header Files</Filter>
    </ClInclude>
    <ClInclude Include="..\src\component.hpp">
      <Filter>Header Files</Filter>
    </ClInclude>
    <ClInclude Include="..\src\engine.hpp">
      <Filter>Header Files</Filter>
    </ClInclude>
    <ClInclude Include="..\src\process.hpp">
      <Filter>Header Files</Filter>
    </ClInclude>
    <ClInclude Include="..\src\quadtree.hpp">
      <Filter>Header Files</Filter>
    </ClInclude>
    <ClInclude Include="..\src\render_process.hpp">
      <Filter>Header Files</Filter>
    </ClInclude>
    <ClInclude Include="..\src\ai_process.hpp">
      <Filter>Header Files</Filter>
    </ClInclude>
    <ClInclude Include="..\src\collision_process.hpp">
      <Filter>Header Files</Filter>
    </ClInclude>
    <ClInclude Include="..\src\gui_process.hpp">
      <Filter>Header Files</Filter>
    </ClInclude>
    <ClInclude Include="..\src\input_process.hpp">
      <Filter>Header Files</Filter>
    </ClInclude>
    <ClInclude Include="..\src\map.hpp">
      <Filter>Header Files</Filter>
    </ClInclude>
    <ClInclude Include="..\src\datetime.hpp">
      <Filter>Header Files</Filter>
    </ClInclude>
    <ClInclude Include="..\src\terrain_generator.hpp">
      <Filter>Header Files</Filter>
    </ClInclude>
    <ClInclude Include="..\src\noiseutils.h">
      <Filter>Header Files</Filter>
    </ClInclude>
    <ClInclude Include="..\src\utf8_to_codepoint.hpp">
      <Filter>Header Files</Filter>
    </ClInclude>
    <ClInclude Include="..\src\surface.hpp">
      <Filter>Header Files</Filter>
    </ClInclude>
    <ClInclude Include="..\src\texture.hpp">
      <Filter>Header Files</Filter>
    </ClInclude>
    <ClInclude Include="..\src\particles.hpp">
      <Filter>Header Files</Filter>
    </ClInclude>
    <ClInclude Include="..\src\particles_fwd.hpp">
      <Filter>Header Files</Filter>
    </ClInclude>
    <ClInclude Include="..\src\parameters.hpp">
      <Filter>Header Files</Filter>
    </ClInclude>
    <ClInclude Include="..\src\action_process.hpp">
      <Filter>Header Files</Filter>
    </ClInclude>
    <ClInclude Include="..\src\random.hpp">
      <Filter>Header Files</Filter>
    </ClInclude>
    <ClInclude Include="..\src\engine_fwd.hpp">
      <Filter>Header Files</Filter>
    </ClInclude>
    <ClInclude Include="..\src\creature.hpp">
      <Filter>Header Files</Filter>
    </ClInclude>
    <ClInclude Include="..\src\tile.hpp">
      <Filter>Header Files</Filter>
    </ClInclude>
    <ClInclude Include="..\src\button.hpp">
      <Filter>Header Files\Widgets</Filter>
    </ClInclude>
    <ClInclude Include="..\src\dialog.hpp">
      <Filter>Header Files\Widgets</Filter>
    </ClInclude>
    <ClInclude Include="..\src\widget.hpp">
      <Filter>Header Files\Widgets</Filter>
    </ClInclude>
    <ClInclude Include="..\src\label.hpp">
      <Filter>Header Files\Widgets</Filter>
    </ClInclude>
    <ClInclude Include="..\src\gui_elements.hpp">
      <Filter>Header Files</Filter>
    </ClInclude>
    <ClInclude Include="..\src\texpack.hpp">
      <Filter>Header Files</Filter>
    </ClInclude>
    <ClInclude Include="..\include\treetree\iterator_shorthands.hpp">
      <Filter>Header Files</Filter>
    </ClInclude>
    <ClInclude Include="..\src\dungeon.hpp">
      <Filter>Header Files</Filter>
    </ClInclude>
  </ItemGroup>
  <ItemGroup>
    <Library Include="..\..\SDL\VisualC\Win32\Release\SDL2.lib" />
    <Library Include="..\..\SDL\VisualC\Win32\Release\SDL2main.lib" />
    <Library Include="..\..\SDL_image\VisualC\Win32\Release\SDL2_image.lib" />
    <Library Include="..\..\SDL_mixer\VisualC\Release\SDL2_mixer.lib" />
    <Library Include="..\..\SDL_ttf\VisualC\Win32\Release\SDL2_ttf.lib" />
    <Library Include="..\..\assimp-3.1.1\lib32\assimp.lib" />
    <Library Include="..\..\noise\win32\Release\libnoise.lib" />
  </ItemGroup>
  <ItemGroup>
    <None Include="..\src\geometry.inl">
      <Filter>Header Files</Filter>
    </None>
  </ItemGroup>
</Project>